
Microsoft Visual Studio Solution File, Format Version 12.00
# Visual Studio 2012
Project("{FAE04EC0-301F-11D3-BF4B-00C04F79EFBC}") = "TestAmazon", "TestAmazon\TestAmazon.csproj", "{BFA9A08D-A958-40B4-B3EE-2B773D2FB6B7}"
EndProject
Project("{FAE04EC0-301F-11D3-BF4B-00C04F79EFBC}") = "UnitTestAmazon", "UnitTestAmazon\UnitTestAmazon.csproj", "{6375C4E6-B62E-4D70-8269-E5963BA133F8}"
EndProject
Global
	GlobalSection(SolutionConfigurationPlatforms) = preSolution
		Debug|Any CPU = Debug|Any CPU
		Release|Any CPU = Release|Any CPU
	EndGlobalSection
	GlobalSection(ProjectConfigurationPlatforms) = postSolution
		{BFA9A08D-A958-40B4-B3EE-2B773D2FB6B7}.Debug|Any CPU.ActiveCfg = Debug|Any CPU
		{BFA9A08D-A958-40B4-B3EE-2B773D2FB6B7}.Debug|Any CPU.Build.0 = Debug|Any CPU
		{BFA9A08D-A958-40B4-B3EE-2B773D2FB6B7}.Release|Any CPU.ActiveCfg = Release|Any CPU
		{BFA9A08D-A958-40B4-B3EE-2B773D2FB6B7}.Release|Any CPU.Build.0 = Release|Any CPU
		{6375C4E6-B62E-4D70-8269-E5963BA133F8}.Debug|Any CPU.ActiveCfg = Debug|Any CPU
		{6375C4E6-B62E-4D70-8269-E5963BA133F8}.Debug|Any CPU.Build.0 = Debug|Any CPU
		{6375C4E6-B62E-4D70-8269-E5963BA133F8}.Release|Any CPU.ActiveCfg = Release|Any CPU
		{6375C4E6-B62E-4D70-8269-E5963BA133F8}.Release|Any CPU.Build.0 = Release|Any CPU
	EndGlobalSection
	GlobalSection(SolutionProperties) = preSolution
		HideSolutionNode = FALSE
	EndGlobalSection
EndGlobal
